{
  "name": "design-ruler",
  "version": "0.0.6",
  "lockfileVersion": 1,
  "requires": true,
  "dependencies": {
    "batch-processor": {
      "version": "1.0.0",
      "resolved": "https://registry.npm.taobao.org/batch-processor/download/batch-processor-1.0.0.tgz"
    },
    "element-resize-detector": {
      "version": "1.2.1",
      "resolved": "https://registry.npm.taobao.org/element-resize-detector/download/element-resize-detector-1.2.1.tgz?cache=0&sync_timestamp=1579090861211&other_urls=https%3A%2F%2Fregistry.npm.taobao.org%2Felement-resize-detector%2Fdownload%2Felement-resize-detector-1.2.1.tgz",
      "integrity": "sha1-sDBRlER6SGMVXljxMyOgrvMIUdE=",
      "requires": {
        "batch-processor": "1.0.0"
      }
    },
    "vue": {
      "version": "2.6.12",
      "resolved": "https://registry.npm.taobao.org/vue/download/vue-2.6.12.tgz?cache=0&sync_timestamp=1598033714784&other_urls=https%3A%2F%2Fregistry.npm.taobao.org%2Fvue%2Fdownload%2Fvue-2.6.12.tgz",
      "integrity": "sha1-9evU+mvShpQD4pqJau1JBEVskSM="
    },
    "vue-happy-scroll": {
      "version": "2.1.1",
      "resolved": "https://registry.npm.taobao.org/vue-happy-scroll/download/vue-happy-scroll-2.1.1.tgz",
      "requires": {
        "element-resize-detector": "^1.1.12",
        "vue": "^2.0.0"
      }
    }
  }
}
